{
  "lockfile_version": "1",
  "packages": {
    "rustup@latest": {
      "last_modified": "2023-06-30T04:44:22Z",
      "plugin_version": "0.0.1",
      "resolved": "github:NixOS/nixpkgs/3c614fbc76fc152f3e1bc4b2263da6d90adf80fb#rustup",
      "source": "devbox-search",
      "version": "1.26.0"
    }
  }
}
